
Microsoft Visual Studio Solution File, Format Version 12.00
# Visual Studio Version 17
VisualStudioVersion = 17.0.32126.317
MinimumVisualStudioVersion = 10.0.40219.1
Project("{FAE04EC0-301F-11D3-BF4B-00C04F79EFBC}") = "WebApplication1", "WebApplication1\WebApplication1.csproj", "{35C66FD7-D4E7-46F3-9F13-305841E9428D}"
EndProject
Global
	GlobalSection(SolutionConfigurationPlatforms) = preSolution
		Debug|Any CPU = Debug|Any CPU
		Release|Any CPU = Release|Any CPU
	EndGlobalSection
	GlobalSection(ProjectConfigurationPlatforms) = postSolution
		{35C66FD7-D4E7-46F3-9F13-305841E9428D}.Debug|Any CPU.ActiveCfg = Debug|Any CPU
		{35C66FD7-D4E7-46F3-9F13-305841E9428D}.Debug|Any CPU.Build.0 = Debug|Any CPU
		{35C66FD7-D4E7-46F3-9F13-305841E9428D}.Release|Any CPU.ActiveCfg = Release|Any CPU
		{35C66FD7-D4E7-46F3-9F13-305841E9428D}.Release|Any CPU.Build.0 = Release|Any CPU
	EndGlobalSection
	GlobalSection(SolutionProperties) = preSolution
		HideSolutionNode = FALSE
	EndGlobalSection
	GlobalSection(ExtensibilityGlobals) = postSolution
		SolutionGuid = {B15AC475-CAEE-4EDC-9B18-D7E3F973E80F}
	EndGlobalSection
EndGlobal
